
Microsoft Visual Studio Solution File, Format Version 12.00
# Visual Studio Version 17
VisualStudioVersion = 17.11.35312.102
MinimumVisualStudioVersion = 10.0.40219.1
Project("{FAE04EC0-301F-11D3-BF4B-00C04F79EFBC}") = "TechFixV3.0WebServices", "TechFixV3.0WebServices\TechFixV3.0WebServices.csproj", "{78F99E5A-476B-4CA5-96B6-B47FAD4906B9}"
EndProject
Project("{FAE04EC0-301F-11D3-BF4B-00C04F79EFBC}") = "TechFixV3.0Client", "TechFixV3.0Client\TechFixV3.0Client.csproj", "{61C3C5A6-4D92-4514-B89B-5FDFB2FF0B0E}"
	ProjectSection(ProjectDependencies) = postProject
		{78F99E5A-476B-4CA5-96B6-B47FAD4906B9} = {78F99E5A-476B-4CA5-96B6-B47FAD4906B9}
	EndProjectSection
EndProject
Global
	GlobalSection(SolutionConfigurationPlatforms) = preSolution
		Debug|Any CPU = Debug|Any CPU
		Release|Any CPU = Release|Any CPU
	EndGlobalSection
	GlobalSection(ProjectConfigurationPlatforms) = postSolution
		{78F99E5A-476B-4CA5-96B6-B47FAD4906B9}.Debug|Any CPU.ActiveCfg = Debug|Any CPU
		{78F99E5A-476B-4CA5-96B6-B47FAD4906B9}.Debug|Any CPU.Build.0 = Debug|Any CPU
		{78F99E5A-476B-4CA5-96B6-B47FAD4906B9}.Release|Any CPU.ActiveCfg = Release|Any CPU
		{78F99E5A-476B-4CA5-96B6-B47FAD4906B9}.Release|Any CPU.Build.0 = Release|Any CPU
		{61C3C5A6-4D92-4514-B89B-5FDFB2FF0B0E}.Debug|Any CPU.ActiveCfg = Debug|Any CPU
		{61C3C5A6-4D92-4514-B89B-5FDFB2FF0B0E}.Debug|Any CPU.Build.0 = Debug|Any CPU
		{61C3C5A6-4D92-4514-B89B-5FDFB2FF0B0E}.Release|Any CPU.ActiveCfg = Release|Any CPU
		{61C3C5A6-4D92-4514-B89B-5FDFB2FF0B0E}.Release|Any CPU.Build.0 = Release|Any CPU
	EndGlobalSection
	GlobalSection(SolutionProperties) = preSolution
		HideSolutionNode = FALSE
	EndGlobalSection
	GlobalSection(ExtensibilityGlobals) = postSolution
		SolutionGuid = {140A889B-6423-4CD9-85D0-4C2E28ECB72E}
	EndGlobalSection
EndGlobal
